
Microsoft Visual Studio Solution File, Format Version 12.00
# Visual Studio 15
VisualStudioVersion = 15.0.28307.572
MinimumVisualStudioVersion = 10.0.40219.1
Project("{FAE04EC0-301F-11D3-BF4B-00C04F79EFBC}") = "InlandMarina", "InlandMarina\InlandMarina.csproj", "{D8E408D2-0763-475C-B925-FDEAC69E3759}"
EndProject
Project("{FAE04EC0-301F-11D3-BF4B-00C04F79EFBC}") = "DBLibrary", "DBLibrary\DBLibrary.csproj", "{3576CDFB-8132-4966-98FB-70D138E4CF43}"
EndProject
Project("{FAE04EC0-301F-11D3-BF4B-00C04F79EFBC}") = "BSLibrary", "BSLibrary\BSLibrary.csproj", "{C985BDAB-98C5-4F89-B15E-B78FC2448D8F}"
EndProject
Project("{FAE04EC0-301F-11D3-BF4B-00C04F79EFBC}") = "LeaseLibrary", "LeaseLibrary\LeaseLibrary.csproj", "{92463BDA-9AEC-45A4-B0F4-AFC08CEFBEC1}"
EndProject
Global
	GlobalSection(SolutionConfigurationPlatforms) = preSolution
		Debug|Any CPU = Debug|Any CPU
		Release|Any CPU = Release|Any CPU
	EndGlobalSection
	GlobalSection(ProjectConfigurationPlatforms) = postSolution
		{D8E408D2-0763-475C-B925-FDEAC69E3759}.Debug|Any CPU.ActiveCfg = Debug|Any CPU
		{D8E408D2-0763-475C-B925-FDEAC69E3759}.Debug|Any CPU.Build.0 = Debug|Any CPU
		{D8E408D2-0763-475C-B925-FDEAC69E3759}.Release|Any CPU.ActiveCfg = Release|Any CPU
		{D8E408D2-0763-475C-B925-FDEAC69E3759}.Release|Any CPU.Build.0 = Release|Any CPU
		{92463BDA-9AEC-45A4-B0F4-AFC08CEFBEC1}.Debug|Any CPU.ActiveCfg = Debug|Any CPU
		{92463BDA-9AEC-45A4-B0F4-AFC08CEFBEC1}.Debug|Any CPU.Build.0 = Debug|Any CPU
		{92463BDA-9AEC-45A4-B0F4-AFC08CEFBEC1}.Release|Any CPU.ActiveCfg = Release|Any CPU
		{92463BDA-9AEC-45A4-B0F4-AFC08CEFBEC1}.Release|Any CPU.Build.0 = Release|Any CPU
		{3576CDFB-8132-4966-98FB-70D138E4CF43}.Debug|Any CPU.ActiveCfg = Debug|Any CPU
		{3576CDFB-8132-4966-98FB-70D138E4CF43}.Debug|Any CPU.Build.0 = Debug|Any CPU
		{3576CDFB-8132-4966-98FB-70D138E4CF43}.Release|Any CPU.ActiveCfg = Release|Any CPU
		{3576CDFB-8132-4966-98FB-70D138E4CF43}.Release|Any CPU.Build.0 = Release|Any CPU
		{C985BDAB-98C5-4F89-B15E-B78FC2448D8F}.Debug|Any CPU.ActiveCfg = Debug|Any CPU
		{C985BDAB-98C5-4F89-B15E-B78FC2448D8F}.Debug|Any CPU.Build.0 = Debug|Any CPU
		{C985BDAB-98C5-4F89-B15E-B78FC2448D8F}.Release|Any CPU.ActiveCfg = Release|Any CPU
		{C985BDAB-98C5-4F89-B15E-B78FC2448D8F}.Release|Any CPU.Build.0 = Release|Any CPU
	EndGlobalSection
	GlobalSection(SolutionProperties) = preSolution
		HideSolutionNode = FALSE
	EndGlobalSection
	GlobalSection(ExtensibilityGlobals) = postSolution
		SolutionGuid = {44F6FFDF-84D3-4BDA-987A-1B25C5CEB863}
	EndGlobalSection
EndGlobal
